
Microsoft Visual Studio Solution File, Format Version 12.00
# Visual Studio Version 16
VisualStudioVersion = 16.0.31702.278
MinimumVisualStudioVersion = 10.0.40219.1
Project("{9A19103F-16F7-4668-BE54-9A1E7A4F7556}") = "RxLibrary", "RxLibrary.csproj", "{0F108864-CA5A-4634-80DB-210C7D559430}"
EndProject
Global
	GlobalSection(SharedMSBuildProjectFiles) = preSolution
		..\..\..\Matlab\MatlabFile\MatlabFile.projitems*{0f108864-ca5a-4634-80db-210c7d559430}*SharedItemsImports = 5
		..\..\..\MDF4xx\MDF4xx\MDF4xx.projitems*{0f108864-ca5a-4634-80db-210c7d559430}*SharedItemsImports = 5
		..\..\BinRXD\BinRXD.projitems*{0f108864-ca5a-4634-80db-210c7d559430}*SharedItemsImports = 5
		..\..\..\SharedTools\InfluxShared\InfluxShared.projitems*{0f108864-ca5a-4634-80db-210c7d559430}*SharedItemsImports = 5
	EndGlobalSection
	GlobalSection(SolutionConfigurationPlatforms) = preSolution
		Debug|Any CPU = Debug|Any CPU
		Release|Any CPU = Release|Any CPU
	EndGlobalSection
	GlobalSection(ProjectConfigurationPlatforms) = postSolution
		{0F108864-CA5A-4634-80DB-210C7D559430}.Debug|Any CPU.ActiveCfg = Debug|Any CPU
		{0F108864-CA5A-4634-80DB-210C7D559430}.Debug|Any CPU.Build.0 = Debug|Any CPU
		{0F108864-CA5A-4634-80DB-210C7D559430}.Release|Any CPU.ActiveCfg = Release|Any CPU
		{0F108864-CA5A-4634-80DB-210C7D559430}.Release|Any CPU.Build.0 = Release|Any CPU
	EndGlobalSection
	GlobalSection(SolutionProperties) = preSolution
		HideSolutionNode = FALSE
	EndGlobalSection
	GlobalSection(ExtensibilityGlobals) = postSolution
		SolutionGuid = {18C26743-22C9-48FE-9487-12344DB2B046}
	EndGlobalSection
EndGlobal
