
Microsoft Visual Studio Solution File, Format Version 12.00
# Visual Studio Version 16
VisualStudioVersion = 16.0.29728.190
MinimumVisualStudioVersion = 10.0.40219.1
Project("{FAE04EC0-301F-11D3-BF4B-00C04F79EFBC}") = "MDF Demo", "MDF Demo.csproj", "{3AD08A7B-8AF8-46CD-ACBB-F7D934B21BE0}"
EndProject
Project("{D954291E-2A0B-460D-934E-DC6B0785DB48}") = "MDF4xx", "..\MDF4xx\MDF4xx.shproj", "{432F235E-6775-4749-A2EF-827359BAB8E5}"
EndProject
Project("{D954291E-2A0B-460D-934E-DC6B0785DB48}") = "BinRXD", "..\..\RXD\BinRXD\BinRXD.shproj", "{30D6E0C6-5E82-4FFC-B4CA-C4D671E26C53}"
EndProject
Project("{D954291E-2A0B-460D-934E-DC6B0785DB48}") = "InfluxShared", "..\..\SharedTools\InfluxShared\InfluxShared.shproj", "{5D304DB9-4A8E-453F-89E1-34A74F91E0EF}"
EndProject
Global
	GlobalSection(SharedMSBuildProjectFiles) = preSolution
		..\..\RXD\BinRXD\BinRXD.projitems*{30d6e0c6-5e82-4ffc-b4ca-c4d671e26c53}*SharedItemsImports = 13
		..\MDF4xx\MDF4xx.projitems*{3ad08a7b-8af8-46cd-acbb-f7d934b21be0}*SharedItemsImports = 4
		..\..\RXD\BinRXD\BinRXD.projitems*{3ad08a7b-8af8-46cd-acbb-f7d934b21be0}*SharedItemsImports = 4
		..\..\SharedTools\InfluxShared\InfluxShared.projitems*{3ad08a7b-8af8-46cd-acbb-f7d934b21be0}*SharedItemsImports = 4
		..\MDF4xx\MDF4xx.projitems*{432f235e-6775-4749-a2ef-827359bab8e5}*SharedItemsImports = 13
		..\..\SharedTools\InfluxShared\InfluxShared.projitems*{5d304db9-4a8e-453f-89e1-34a74f91e0ef}*SharedItemsImports = 13
	EndGlobalSection
	GlobalSection(SolutionConfigurationPlatforms) = preSolution
		Debug|Any CPU = Debug|Any CPU
		Release|Any CPU = Release|Any CPU
	EndGlobalSection
	GlobalSection(ProjectConfigurationPlatforms) = postSolution
		{3AD08A7B-8AF8-46CD-ACBB-F7D934B21BE0}.Debug|Any CPU.ActiveCfg = Debug|Any CPU
		{3AD08A7B-8AF8-46CD-ACBB-F7D934B21BE0}.Debug|Any CPU.Build.0 = Debug|Any CPU
		{3AD08A7B-8AF8-46CD-ACBB-F7D934B21BE0}.Release|Any CPU.ActiveCfg = Release|Any CPU
		{3AD08A7B-8AF8-46CD-ACBB-F7D934B21BE0}.Release|Any CPU.Build.0 = Release|Any CPU
	EndGlobalSection
	GlobalSection(SolutionProperties) = preSolution
		HideSolutionNode = FALSE
	EndGlobalSection
	GlobalSection(ExtensibilityGlobals) = postSolution
		SolutionGuid = {CF512AC5-1032-4A33-9C09-18109E89B279}
	EndGlobalSection
EndGlobal
